
Microsoft Visual Studio Solution File, Format Version 12.00
# Visual Studio Version 17
VisualStudioVersion = 17.1.32210.238
MinimumVisualStudioVersion = 10.0.40219.1
Project("{FAE04EC0-301F-11D3-BF4B-00C04F79EFBC}") = "MessagesService", "MessagesService\MessagesService.csproj", "{97BCC68D-652D-4861-96CC-0A92F160ED7D}"
EndProject
Global
	GlobalSection(SolutionConfigurationPlatforms) = preSolution
		Debug|Any CPU = Debug|Any CPU
		Release|Any CPU = Release|Any CPU
	EndGlobalSection
	GlobalSection(ProjectConfigurationPlatforms) = postSolution
		{97BCC68D-652D-4861-96CC-0A92F160ED7D}.Debug|Any CPU.ActiveCfg = Debug|Any CPU
		{97BCC68D-652D-4861-96CC-0A92F160ED7D}.Debug|Any CPU.Build.0 = Debug|Any CPU
		{97BCC68D-652D-4861-96CC-0A92F160ED7D}.Release|Any CPU.ActiveCfg = Release|Any CPU
		{97BCC68D-652D-4861-96CC-0A92F160ED7D}.Release|Any CPU.Build.0 = Release|Any CPU
	EndGlobalSection
	GlobalSection(SolutionProperties) = preSolution
		HideSolutionNode = FALSE
	EndGlobalSection
	GlobalSection(ExtensibilityGlobals) = postSolution
		SolutionGuid = {E428A751-86B0-4CE0-9EEB-DD2BA9329533}
	EndGlobalSection
EndGlobal
